
Microsoft Visual Studio Solution File, Format Version 12.00
# Visual Studio Version 17
VisualStudioVersion = 17.0.31903.59
MinimumVisualStudioVersion = 10.0.40219.1
Project("{2150E333-8FDC-42A3-9474-1A3956D46DE8}") = "src", "src", "{827E0CD3-B72D-47B6-A68D-7590B98EB39B}"
EndProject
Project("{FAE04EC0-301F-11D3-BF4B-00C04F79EFBC}") = "Domain", "src\Domain\Domain.csproj", "{4EF99A04-3DBA-48D7-AFDE-04DC5996B275}"
EndProject
Project("{FAE04EC0-301F-11D3-BF4B-00C04F79EFBC}") = "Contracts", "src\Contracts\Contracts.csproj", "{7CF9F729-65A7-479C-8503-A568B17DE475}"
EndProject
Project("{FAE04EC0-301F-11D3-BF4B-00C04F79EFBC}") = "Application", "src\Application\Application.csproj", "{8291C958-32AB-4EAC-8BD7-3E2C61AD5884}"
EndProject
Project("{FAE04EC0-301F-11D3-BF4B-00C04F79EFBC}") = "Infrastructure", "src\Infrastructure\Infrastructure.csproj", "{BC6C1E36-7C95-44DB-B729-34FE91A231E2}"
EndProject
Project("{FAE04EC0-301F-11D3-BF4B-00C04F79EFBC}") = "Api", "src\Api\Api.csproj", "{EB5D1EE1-F049-49AB-A302-D92EBDF6F4E0}"
EndProject
Project("{FAE04EC0-301F-11D3-BF4B-00C04F79EFBC}") = "Infrastructure.Tests", "src\Infrastructure.Tests\Infrastructure.Tests.csproj", "{1C85E033-5454-4994-84B7-31A578A10A21}"
EndProject
Project("{FAE04EC0-301F-11D3-BF4B-00C04F79EFBC}") = "Api.IntegrationTests", "src\Api.IntegrationTests\Api.IntegrationTests.csproj", "{14E35CC5-868F-4460-8511-447DD09191D8}"
EndProject
Global
	GlobalSection(SolutionConfigurationPlatforms) = preSolution
		Debug|Any CPU = Debug|Any CPU
		Debug|x64 = Debug|x64
		Debug|x86 = Debug|x86
		Release|Any CPU = Release|Any CPU
		Release|x64 = Release|x64
		Release|x86 = Release|x86
	EndGlobalSection
	GlobalSection(ProjectConfigurationPlatforms) = postSolution
		{4EF99A04-3DBA-48D7-AFDE-04DC5996B275}.Debug|Any CPU.ActiveCfg = Debug|Any CPU
		{4EF99A04-3DBA-48D7-AFDE-04DC5996B275}.Debug|Any CPU.Build.0 = Debug|Any CPU
		{4EF99A04-3DBA-48D7-AFDE-04DC5996B275}.Debug|x64.ActiveCfg = Debug|Any CPU
		{4EF99A04-3DBA-48D7-AFDE-04DC5996B275}.Debug|x64.Build.0 = Debug|Any CPU
		{4EF99A04-3DBA-48D7-AFDE-04DC5996B275}.Debug|x86.ActiveCfg = Debug|Any CPU
		{4EF99A04-3DBA-48D7-AFDE-04DC5996B275}.Debug|x86.Build.0 = Debug|Any CPU
		{4EF99A04-3DBA-48D7-AFDE-04DC5996B275}.Release|Any CPU.ActiveCfg = Release|Any CPU
		{4EF99A04-3DBA-48D7-AFDE-04DC5996B275}.Release|Any CPU.Build.0 = Release|Any CPU
		{4EF99A04-3DBA-48D7-AFDE-04DC5996B275}.Release|x64.ActiveCfg = Release|Any CPU
		{4EF99A04-3DBA-48D7-AFDE-04DC5996B275}.Release|x64.Build.0 = Release|Any CPU
		{4EF99A04-3DBA-48D7-AFDE-04DC5996B275}.Release|x86.ActiveCfg = Release|Any CPU
		{4EF99A04-3DBA-48D7-AFDE-04DC5996B275}.Release|x86.Build.0 = Release|Any CPU
		{7CF9F729-65A7-479C-8503-A568B17DE475}.Debug|Any CPU.ActiveCfg = Debug|Any CPU
		{7CF9F729-65A7-479C-8503-A568B17DE475}.Debug|Any CPU.Build.0 = Debug|Any CPU
		{7CF9F729-65A7-479C-8503-A568B17DE475}.Debug|x64.ActiveCfg = Debug|Any CPU
		{7CF9F729-65A7-479C-8503-A568B17DE475}.Debug|x64.Build.0 = Debug|Any CPU
		{7CF9F729-65A7-479C-8503-A568B17DE475}.Debug|x86.ActiveCfg = Debug|Any CPU
		{7CF9F729-65A7-479C-8503-A568B17DE475}.Debug|x86.Build.0 = Debug|Any CPU
		{7CF9F729-65A7-479C-8503-A568B17DE475}.Release|Any CPU.ActiveCfg = Release|Any CPU
		{7CF9F729-65A7-479C-8503-A568B17DE475}.Release|Any CPU.Build.0 = Release|Any CPU
		{7CF9F729-65A7-479C-8503-A568B17DE475}.Release|x64.ActiveCfg = Release|Any CPU
		{7CF9F729-65A7-479C-8503-A568B17DE475}.Release|x64.Build.0 = Release|Any CPU
		{7CF9F729-65A7-479C-8503-A568B17DE475}.Release|x86.ActiveCfg = Release|Any CPU
		{7CF9F729-65A7-479C-8503-A568B17DE475}.Release|x86.Build.0 = Release|Any CPU
		{8291C958-32AB-4EAC-8BD7-3E2C61AD5884}.Debug|Any CPU.ActiveCfg = Debug|Any CPU
		{8291C958-32AB-4EAC-8BD7-3E2C61AD5884}.Debug|Any CPU.Build.0 = Debug|Any CPU
		{8291C958-32AB-4EAC-8BD7-3E2C61AD5884}.Debug|x64.ActiveCfg = Debug|Any CPU
		{8291C958-32AB-4EAC-8BD7-3E2C61AD5884}.Debug|x64.Build.0 = Debug|Any CPU
		{8291C958-32AB-4EAC-8BD7-3E2C61AD5884}.Debug|x86.ActiveCfg = Debug|Any CPU
		{8291C958-32AB-4EAC-8BD7-3E2C61AD5884}.Debug|x86.Build.0 = Debug|Any CPU
		{8291C958-32AB-4EAC-8BD7-3E2C61AD5884}.Release|Any CPU.ActiveCfg = Release|Any CPU
		{8291C958-32AB-4EAC-8BD7-3E2C61AD5884}.Release|Any CPU.Build.0 = Release|Any CPU
		{8291C958-32AB-4EAC-8BD7-3E2C61AD5884}.Release|x64.ActiveCfg = Release|Any CPU
		{8291C958-32AB-4EAC-8BD7-3E2C61AD5884}.Release|x64.Build.0 = Release|Any CPU
		{8291C958-32AB-4EAC-8BD7-3E2C61AD5884}.Release|x86.ActiveCfg = Release|Any CPU
		{8291C958-32AB-4EAC-8BD7-3E2C61AD5884}.Release|x86.Build.0 = Release|Any CPU
		{BC6C1E36-7C95-44DB-B729-34FE91A231E2}.Debug|Any CPU.ActiveCfg = Debug|Any CPU
		{BC6C1E36-7C95-44DB-B729-34FE91A231E2}.Debug|Any CPU.Build.0 = Debug|Any CPU
		{BC6C1E36-7C95-44DB-B729-34FE91A231E2}.Debug|x64.ActiveCfg = Debug|Any CPU
		{BC6C1E36-7C95-44DB-B729-34FE91A231E2}.Debug|x64.Build.0 = Debug|Any CPU
		{BC6C1E36-7C95-44DB-B729-34FE91A231E2}.Debug|x86.ActiveCfg = Debug|Any CPU
		{BC6C1E36-7C95-44DB-B729-34FE91A231E2}.Debug|x86.Build.0 = Debug|Any CPU
		{BC6C1E36-7C95-44DB-B729-34FE91A231E2}.Release|Any CPU.ActiveCfg = Release|Any CPU
		{BC6C1E36-7C95-44DB-B729-34FE91A231E2}.Release|Any CPU.Build.0 = Release|Any CPU
		{BC6C1E36-7C95-44DB-B729-34FE91A231E2}.Release|x64.ActiveCfg = Release|Any CPU
		{BC6C1E36-7C95-44DB-B729-34FE91A231E2}.Release|x64.Build.0 = Release|Any CPU
		{BC6C1E36-7C95-44DB-B729-34FE91A231E2}.Release|x86.ActiveCfg = Release|Any CPU
		{BC6C1E36-7C95-44DB-B729-34FE91A231E2}.Release|x86.Build.0 = Release|Any CPU
		{EB5D1EE1-F049-49AB-A302-D92EBDF6F4E0}.Debug|Any CPU.ActiveCfg = Debug|Any CPU
		{EB5D1EE1-F049-49AB-A302-D92EBDF6F4E0}.Debug|Any CPU.Build.0 = Debug|Any CPU
		{EB5D1EE1-F049-49AB-A302-D92EBDF6F4E0}.Debug|x64.ActiveCfg = Debug|Any CPU
		{EB5D1EE1-F049-49AB-A302-D92EBDF6F4E0}.Debug|x64.Build.0 = Debug|Any CPU
		{EB5D1EE1-F049-49AB-A302-D92EBDF6F4E0}.Debug|x86.ActiveCfg = Debug|Any CPU
		{EB5D1EE1-F049-49AB-A302-D92EBDF6F4E0}.Debug|x86.Build.0 = Debug|Any CPU
		{EB5D1EE1-F049-49AB-A302-D92EBDF6F4E0}.Release|Any CPU.ActiveCfg = Release|Any CPU
		{EB5D1EE1-F049-49AB-A302-D92EBDF6F4E0}.Release|Any CPU.Build.0 = Release|Any CPU
		{EB5D1EE1-F049-49AB-A302-D92EBDF6F4E0}.Release|x64.ActiveCfg = Release|Any CPU
		{EB5D1EE1-F049-49AB-A302-D92EBDF6F4E0}.Release|x64.Build.0 = Release|Any CPU
		{EB5D1EE1-F049-49AB-A302-D92EBDF6F4E0}.Release|x86.ActiveCfg = Release|Any CPU
		{EB5D1EE1-F049-49AB-A302-D92EBDF6F4E0}.Release|x86.Build.0 = Release|Any CPU
		{1C85E033-5454-4994-84B7-31A578A10A21}.Debug|Any CPU.ActiveCfg = Debug|Any CPU
		{1C85E033-5454-4994-84B7-31A578A10A21}.Debug|Any CPU.Build.0 = Debug|Any CPU
		{1C85E033-5454-4994-84B7-31A578A10A21}.Debug|x64.ActiveCfg = Debug|Any CPU
		{1C85E033-5454-4994-84B7-31A578A10A21}.Debug|x64.Build.0 = Debug|Any CPU
		{1C85E033-5454-4994-84B7-31A578A10A21}.Debug|x86.ActiveCfg = Debug|Any CPU
		{1C85E033-5454-4994-84B7-31A578A10A21}.Debug|x86.Build.0 = Debug|Any CPU
		{1C85E033-5454-4994-84B7-31A578A10A21}.Release|Any CPU.ActiveCfg = Release|Any CPU
		{1C85E033-5454-4994-84B7-31A578A10A21}.Release|Any CPU.Build.0 = Release|Any CPU
		{1C85E033-5454-4994-84B7-31A578A10A21}.Release|x64.ActiveCfg = Release|Any CPU
		{1C85E033-5454-4994-84B7-31A578A10A21}.Release|x64.Build.0 = Release|Any CPU
		{1C85E033-5454-4994-84B7-31A578A10A21}.Release|x86.ActiveCfg = Release|Any CPU
		{1C85E033-5454-4994-84B7-31A578A10A21}.Release|x86.Build.0 = Release|Any CPU
		{14E35CC5-868F-4460-8511-447DD09191D8}.Debug|Any CPU.ActiveCfg = Debug|Any CPU
		{14E35CC5-868F-4460-8511-447DD09191D8}.Debug|Any CPU.Build.0 = Debug|Any CPU
		{14E35CC5-868F-4460-8511-447DD09191D8}.Debug|x64.ActiveCfg = Debug|Any CPU
		{14E35CC5-868F-4460-8511-447DD09191D8}.Debug|x64.Build.0 = Debug|Any CPU
		{14E35CC5-868F-4460-8511-447DD09191D8}.Debug|x86.ActiveCfg = Debug|Any CPU
		{14E35CC5-868F-4460-8511-447DD09191D8}.Debug|x86.Build.0 = Debug|Any CPU
		{14E35CC5-868F-4460-8511-447DD09191D8}.Release|Any CPU.ActiveCfg = Release|Any CPU
		{14E35CC5-868F-4460-8511-447DD09191D8}.Release|Any CPU.Build.0 = Release|Any CPU
		{14E35CC5-868F-4460-8511-447DD09191D8}.Release|x64.ActiveCfg = Release|Any CPU
		{14E35CC5-868F-4460-8511-447DD09191D8}.Release|x64.Build.0 = Release|Any CPU
		{14E35CC5-868F-4460-8511-447DD09191D8}.Release|x86.ActiveCfg = Release|Any CPU
		{14E35CC5-868F-4460-8511-447DD09191D8}.Release|x86.Build.0 = Release|Any CPU
	EndGlobalSection
	GlobalSection(SolutionProperties) = preSolution
		HideSolutionNode = FALSE
	EndGlobalSection
	GlobalSection(NestedProjects) = preSolution
		{4EF99A04-3DBA-48D7-AFDE-04DC5996B275} = {827E0CD3-B72D-47B6-A68D-7590B98EB39B}
		{7CF9F729-65A7-479C-8503-A568B17DE475} = {827E0CD3-B72D-47B6-A68D-7590B98EB39B}
		{8291C958-32AB-4EAC-8BD7-3E2C61AD5884} = {827E0CD3-B72D-47B6-A68D-7590B98EB39B}
		{BC6C1E36-7C95-44DB-B729-34FE91A231E2} = {827E0CD3-B72D-47B6-A68D-7590B98EB39B}
		{EB5D1EE1-F049-49AB-A302-D92EBDF6F4E0} = {827E0CD3-B72D-47B6-A68D-7590B98EB39B}
		{1C85E033-5454-4994-84B7-31A578A10A21} = {827E0CD3-B72D-47B6-A68D-7590B98EB39B}
		{14E35CC5-868F-4460-8511-447DD09191D8} = {827E0CD3-B72D-47B6-A68D-7590B98EB39B}
	EndGlobalSection
EndGlobal
